{
    "_meta": {
        "hash": {
            "sha256": "7e164e9db52ec6d48336ab9b4ca9b8cff85aa61feef1b90b18d3e8fdf3f1cc1c"
        },
        "pipfile-spec": 6,
        "requires": {
            "python_version": "3"
        },
        "sources": [
            {
                "name": "pypi",
                "url": "https://pypi.org/simple",
                "verify_ssl": true
            }
        ]
    },
    "default": {
        "elevate": {
            "hashes": [
                "sha256:53ad19fa1de301fb1de3f8768fb3a5894215716fd96a475690c4d0ff3b1de209"
            ],
            "index": "pypi",
            "version": "==0.1.3"
        }
    },
    "develop": {
        "autopep8": {
            "hashes": [
                "sha256:cc6be1dfd46f2c7fa00e84a357f1a269683985b09eaffb47654ed551194399eb"
            ],
            "index": "pypi",
            "version": "==1.5.1"
        },
        "pycodestyle": {
            "hashes": [
                "sha256:95a2219d12372f05704562a14ec30bc76b05a5b297b21a5dfe3f6fac3491ae56",
                "sha256:e40a936c9a450ad81df37f549d676d127b1b66000a6c500caa2b085bc0ca976c"
            ],
            "version": "==2.5.0"
        }
    }
}
